
Microsoft Visual Studio Solution File, Format Version 12.00
# Visual Studio Version 17
VisualStudioVersion = 17.7.34031.279
MinimumVisualStudioVersion = 10.0.40219.1
Project("{2150E333-8FDC-42A3-9474-1A3956D46DE8}") = "Four", "Four", "{83416E1A-C030-4A39-9350-54DEE007AB06}"
EndProject
Project("{2150E333-8FDC-42A3-9474-1A3956D46DE8}") = "Three", "Three", "{CAC8E939-3A4A-45AC-9D0A-39D5BBCCC026}"
EndProject
Project("{2150E333-8FDC-42A3-9474-1A3956D46DE8}") = "One", "One", "{13160FD1-15DB-4C8C-AA4C-354FC9188240}"
EndProject
Project("{FAE04EC0-301F-11D3-BF4B-00C04F79EFBC}") = "ProjectFour", "ProjectFour\ProjectFour.csproj", "{6D0ED124-CD3A-4BE0-A2D1-0F26F5AAF65B}"
EndProject
Project("{FAE04EC0-301F-11D3-BF4B-00C04F79EFBC}") = "ProjectOne", "ProjectOne\ProjectOne.csproj", "{167C8FC6-D067-400A-A999-69A45F3681A4}"
EndProject
Project("{FAE04EC0-301F-11D3-BF4B-00C04F79EFBC}") = "ProjectThreee", "ProjectThreee\ProjectThreee.csproj", "{C4C9E333-9D18-4A37-8ABA-1928AA6A5C0A}"
EndProject
Project("{FAE04EC0-301F-11D3-BF4B-00C04F79EFBC}") = "ProjectFour1", "ProjectFour1\ProjectFour1.csproj", "{99B727BB-30EB-4183-8FDF-4BDC7A88FAEA}"
EndProject
Project("{FAE04EC0-301F-11D3-BF4B-00C04F79EFBC}") = "ProjectFour2", "ProjectFour2\ProjectFour2.csproj", "{76814825-56A0-4C88-9489-20444BE16439}"
EndProject
Project("{FAE04EC0-301F-11D3-BF4B-00C04F79EFBC}") = "ProjectFour3", "ProjectFour3\ProjectFour3.csproj", "{B1EBE0B3-486B-4028-8975-2F9741359B00}"
EndProject
Project("{FAE04EC0-301F-11D3-BF4B-00C04F79EFBC}") = "ProjectOne1", "ProjectOne1\ProjectOne1.csproj", "{6A5F212E-16AF-41AC-8F96-4935036C4144}"
EndProject
Project("{FAE04EC0-301F-11D3-BF4B-00C04F79EFBC}") = "ProjectOne2", "ProjectOne2\ProjectOne2.csproj", "{E52BEF65-D18C-45F7-AEA7-713489D2DEBE}"
EndProject
Project("{FAE04EC0-301F-11D3-BF4B-00C04F79EFBC}") = "ProjectOne3", "ProjectOne3\ProjectOne3.csproj", "{7416150B-AD19-4F45-AFB0-856CC2B8398F}"
EndProject
Project("{FAE04EC0-301F-11D3-BF4B-00C04F79EFBC}") = "ProjectThree1", "ProjectThree1\ProjectThree1.csproj", "{00023F11-13F6-47B7-A98E-15508CEFA48E}"
EndProject
Project("{FAE04EC0-301F-11D3-BF4B-00C04F79EFBC}") = "ProjectThree2", "ProjectThree2\ProjectThree2.csproj", "{6C1060DF-F1D6-4193-9A75-D77420EC3FAB}"
EndProject
Project("{FAE04EC0-301F-11D3-BF4B-00C04F79EFBC}") = "ProjectThree3", "ProjectThree3\ProjectThree3.csproj", "{B6642309-9030-4581-99CF-5BF9ECA8A8DC}"
EndProject
Project("{E53339B2-1760-4266-BCC7-CA923CBCF16C}") = "docker-compose", "docker-compose.dcproj", "{12AAF235-E7D4-4760-9B94-7295EF134833}"
EndProject
Global
	GlobalSection(SolutionConfigurationPlatforms) = preSolution
		Debug|Any CPU = Debug|Any CPU
		Release|Any CPU = Release|Any CPU
	EndGlobalSection
	GlobalSection(ProjectConfigurationPlatforms) = postSolution
		{6D0ED124-CD3A-4BE0-A2D1-0F26F5AAF65B}.Debug|Any CPU.ActiveCfg = Debug|Any CPU
		{6D0ED124-CD3A-4BE0-A2D1-0F26F5AAF65B}.Debug|Any CPU.Build.0 = Debug|Any CPU
		{6D0ED124-CD3A-4BE0-A2D1-0F26F5AAF65B}.Release|Any CPU.ActiveCfg = Release|Any CPU
		{6D0ED124-CD3A-4BE0-A2D1-0F26F5AAF65B}.Release|Any CPU.Build.0 = Release|Any CPU
		{167C8FC6-D067-400A-A999-69A45F3681A4}.Debug|Any CPU.ActiveCfg = Debug|Any CPU
		{167C8FC6-D067-400A-A999-69A45F3681A4}.Debug|Any CPU.Build.0 = Debug|Any CPU
		{167C8FC6-D067-400A-A999-69A45F3681A4}.Release|Any CPU.ActiveCfg = Release|Any CPU
		{167C8FC6-D067-400A-A999-69A45F3681A4}.Release|Any CPU.Build.0 = Release|Any CPU
		{C4C9E333-9D18-4A37-8ABA-1928AA6A5C0A}.Debug|Any CPU.ActiveCfg = Debug|Any CPU
		{C4C9E333-9D18-4A37-8ABA-1928AA6A5C0A}.Debug|Any CPU.Build.0 = Debug|Any CPU
		{C4C9E333-9D18-4A37-8ABA-1928AA6A5C0A}.Release|Any CPU.ActiveCfg = Release|Any CPU
		{C4C9E333-9D18-4A37-8ABA-1928AA6A5C0A}.Release|Any CPU.Build.0 = Release|Any CPU
		{99B727BB-30EB-4183-8FDF-4BDC7A88FAEA}.Debug|Any CPU.ActiveCfg = Debug|Any CPU
		{99B727BB-30EB-4183-8FDF-4BDC7A88FAEA}.Debug|Any CPU.Build.0 = Debug|Any CPU
		{99B727BB-30EB-4183-8FDF-4BDC7A88FAEA}.Release|Any CPU.ActiveCfg = Release|Any CPU
		{99B727BB-30EB-4183-8FDF-4BDC7A88FAEA}.Release|Any CPU.Build.0 = Release|Any CPU
		{76814825-56A0-4C88-9489-20444BE16439}.Debug|Any CPU.ActiveCfg = Debug|Any CPU
		{76814825-56A0-4C88-9489-20444BE16439}.Debug|Any CPU.Build.0 = Debug|Any CPU
		{76814825-56A0-4C88-9489-20444BE16439}.Release|Any CPU.ActiveCfg = Release|Any CPU
		{76814825-56A0-4C88-9489-20444BE16439}.Release|Any CPU.Build.0 = Release|Any CPU
		{B1EBE0B3-486B-4028-8975-2F9741359B00}.Debug|Any CPU.ActiveCfg = Debug|Any CPU
		{B1EBE0B3-486B-4028-8975-2F9741359B00}.Debug|Any CPU.Build.0 = Debug|Any CPU
		{B1EBE0B3-486B-4028-8975-2F9741359B00}.Release|Any CPU.ActiveCfg = Release|Any CPU
		{B1EBE0B3-486B-4028-8975-2F9741359B00}.Release|Any CPU.Build.0 = Release|Any CPU
		{6A5F212E-16AF-41AC-8F96-4935036C4144}.Debug|Any CPU.ActiveCfg = Debug|Any CPU
		{6A5F212E-16AF-41AC-8F96-4935036C4144}.Debug|Any CPU.Build.0 = Debug|Any CPU
		{6A5F212E-16AF-41AC-8F96-4935036C4144}.Release|Any CPU.ActiveCfg = Release|Any CPU
		{6A5F212E-16AF-41AC-8F96-4935036C4144}.Release|Any CPU.Build.0 = Release|Any CPU
		{E52BEF65-D18C-45F7-AEA7-713489D2DEBE}.Debug|Any CPU.ActiveCfg = Debug|Any CPU
		{E52BEF65-D18C-45F7-AEA7-713489D2DEBE}.Debug|Any CPU.Build.0 = Debug|Any CPU
		{E52BEF65-D18C-45F7-AEA7-713489D2DEBE}.Release|Any CPU.ActiveCfg = Release|Any CPU
		{E52BEF65-D18C-45F7-AEA7-713489D2DEBE}.Release|Any CPU.Build.0 = Release|Any CPU
		{7416150B-AD19-4F45-AFB0-856CC2B8398F}.Debug|Any CPU.ActiveCfg = Debug|Any CPU
		{7416150B-AD19-4F45-AFB0-856CC2B8398F}.Debug|Any CPU.Build.0 = Debug|Any CPU
		{7416150B-AD19-4F45-AFB0-856CC2B8398F}.Release|Any CPU.ActiveCfg = Release|Any CPU
		{7416150B-AD19-4F45-AFB0-856CC2B8398F}.Release|Any CPU.Build.0 = Release|Any CPU
		{00023F11-13F6-47B7-A98E-15508CEFA48E}.Debug|Any CPU.ActiveCfg = Debug|Any CPU
		{00023F11-13F6-47B7-A98E-15508CEFA48E}.Debug|Any CPU.Build.0 = Debug|Any CPU
		{00023F11-13F6-47B7-A98E-15508CEFA48E}.Release|Any CPU.ActiveCfg = Release|Any CPU
		{00023F11-13F6-47B7-A98E-15508CEFA48E}.Release|Any CPU.Build.0 = Release|Any CPU
		{6C1060DF-F1D6-4193-9A75-D77420EC3FAB}.Debug|Any CPU.ActiveCfg = Debug|Any CPU
		{6C1060DF-F1D6-4193-9A75-D77420EC3FAB}.Debug|Any CPU.Build.0 = Debug|Any CPU
		{6C1060DF-F1D6-4193-9A75-D77420EC3FAB}.Release|Any CPU.ActiveCfg = Release|Any CPU
		{6C1060DF-F1D6-4193-9A75-D77420EC3FAB}.Release|Any CPU.Build.0 = Release|Any CPU
		{B6642309-9030-4581-99CF-5BF9ECA8A8DC}.Debug|Any CPU.ActiveCfg = Debug|Any CPU
		{B6642309-9030-4581-99CF-5BF9ECA8A8DC}.Debug|Any CPU.Build.0 = Debug|Any CPU
		{B6642309-9030-4581-99CF-5BF9ECA8A8DC}.Release|Any CPU.ActiveCfg = Release|Any CPU
		{B6642309-9030-4581-99CF-5BF9ECA8A8DC}.Release|Any CPU.Build.0 = Release|Any CPU
		{12AAF235-E7D4-4760-9B94-7295EF134833}.Debug|Any CPU.ActiveCfg = Debug|Any CPU
		{12AAF235-E7D4-4760-9B94-7295EF134833}.Debug|Any CPU.Build.0 = Debug|Any CPU
		{12AAF235-E7D4-4760-9B94-7295EF134833}.Release|Any CPU.ActiveCfg = Release|Any CPU
		{12AAF235-E7D4-4760-9B94-7295EF134833}.Release|Any CPU.Build.0 = Release|Any CPU
	EndGlobalSection
	GlobalSection(SolutionProperties) = preSolution
		HideSolutionNode = FALSE
	EndGlobalSection
	GlobalSection(NestedProjects) = preSolution
		{6D0ED124-CD3A-4BE0-A2D1-0F26F5AAF65B} = {83416E1A-C030-4A39-9350-54DEE007AB06}
		{167C8FC6-D067-400A-A999-69A45F3681A4} = {13160FD1-15DB-4C8C-AA4C-354FC9188240}
		{C4C9E333-9D18-4A37-8ABA-1928AA6A5C0A} = {CAC8E939-3A4A-45AC-9D0A-39D5BBCCC026}
		{99B727BB-30EB-4183-8FDF-4BDC7A88FAEA} = {83416E1A-C030-4A39-9350-54DEE007AB06}
		{76814825-56A0-4C88-9489-20444BE16439} = {83416E1A-C030-4A39-9350-54DEE007AB06}
		{B1EBE0B3-486B-4028-8975-2F9741359B00} = {83416E1A-C030-4A39-9350-54DEE007AB06}
		{6A5F212E-16AF-41AC-8F96-4935036C4144} = {13160FD1-15DB-4C8C-AA4C-354FC9188240}
		{E52BEF65-D18C-45F7-AEA7-713489D2DEBE} = {13160FD1-15DB-4C8C-AA4C-354FC9188240}
		{7416150B-AD19-4F45-AFB0-856CC2B8398F} = {13160FD1-15DB-4C8C-AA4C-354FC9188240}
		{00023F11-13F6-47B7-A98E-15508CEFA48E} = {CAC8E939-3A4A-45AC-9D0A-39D5BBCCC026}
		{6C1060DF-F1D6-4193-9A75-D77420EC3FAB} = {CAC8E939-3A4A-45AC-9D0A-39D5BBCCC026}
		{B6642309-9030-4581-99CF-5BF9ECA8A8DC} = {CAC8E939-3A4A-45AC-9D0A-39D5BBCCC026}
	EndGlobalSection
	GlobalSection(ExtensibilityGlobals) = postSolution
		SolutionGuid = {2F28F0AB-79FA-4ACC-B448-BF881AE4EFE5}
	EndGlobalSection
EndGlobal
